dependencies:
  espressif/led_strip:
    component_hash: 28621486f77229aaf81c71f5e15d6fbf36c2949cf11094e07090593e659e7639
    dependencies:
    - name: idf
      require: private
      version: '>=5.0'
    source:
      registry_url: https://components.espressif.com/
      type: service
    version: 3.0.3
  idf:
    source:
      type: idf
    version: 6.0.1
  nopnop2002/ssd1306:
    component_hash: a76ea39bfe4f9840ca0fb85583d910e4fe3d84be66093ab2b69a00049a02068d
    dependencies: []
    source:
      git: https://github.com/nopnop2002/esp-idf-ssd1306.git
      path: components/ssd1306/
      type: git
    version: 9d71f1a5b7756a78a9884cf1ea92d9d9711f67d1
direct_dependencies:
- espressif/led_strip
- idf
- nopnop2002/ssd1306
manifest_hash: a21b015c09d09a6decc613e1354f44c66896d2c2227cf97a49c6a69c6801eaa0
target: esp32s3
version: 2.0.0
